{
  "version": 4,
  "terraform_version": "1.7.3",
  "serial": 14,
  "lineage": "b64ac40d-a8f7-5c14-dc84-55c3059c4340",
  "outputs": {},
  "resources": [
    {
      "mode": "managed",
      "type": "azurerm_network_interface",
      "name": "webserver",
      "provider": "provider[\"registry.terraform.io/hashicorp/azurerm\"]",
      "instances": [
        {
          "schema_version": 0,
          "attributes": {
            "applied_dns_servers": [],
            "dns_servers": [],
            "edge_zone": "",
            "enable_accelerated_networking": false,
            "enable_ip_forwarding": false,
            "id": "/subscriptions/2fa2f167-1a05-4c35-89a0-4a89930f327e/resourceGroups/male0120-A05-RG/providers/Microsoft.Network/networkInterfaces/male0120-A05Nic",
            "internal_dns_name_label": "",
            "internal_domain_name_suffix": "mbpaeucgs0futkcocboks4sp0f.dx.internal.cloudapp.net",
            "ip_configuration": [
              {
                "gateway_load_balancer_frontend_ip_configuration_id": "",
                "name": "male0120-A05NicConfig",
                "primary": true,
                "private_ip_address": "10.0.1.4",
                "private_ip_address_allocation": "Dynamic",
                "private_ip_address_version": "IPv4",
                "public_ip_address_id": "/subscriptions/2fa2f167-1a05-4c35-89a0-4a89930f327e/resourceGroups/male0120-A05-RG/providers/Microsoft.Network/publicIPAddresses/male0120-A05PublicIP",
                "subnet_id": "/subscriptions/2fa2f167-1a05-4c35-89a0-4a89930f327e/resourceGroups/male0120-A05-RG/providers/Microsoft.Network/virtualNetworks/male0120-A05Vnet/subnets/male0120-A05Subnet"
              }
            ],
            "location": "westus",
            "mac_address": "00-22-48-09-65-57",
            "name": "male0120-A05Nic",
            "private_ip_address": "10.0.1.4",
            "private_ip_addresses": [
              "10.0.1.4"
            ],
            "resource_group_name": "male0120-A05-RG",
            "tags": {},
            "timeouts": null,
            "virtual_machine_id": "/subscriptions/2fa2f167-1a05-4c35-89a0-4a89930f327e/resourceGroups/male0120-A05-RG/providers/Microsoft.Compute/virtualMachines/male0120-A05VM"
          },
          "sensitive_attributes": [],
          "private": "eyJlMmJmYjczMC1lY2FhLTExZTYtOGY4OC0zNDM2M2JjN2M0YzAiOnsiY3JlYXRlIjoxODAwMDAwMDAwMDAwLCJkZWxldGUiOjE4MDAwMDAwMDAwMDAsInJlYWQiOjMwMDAwMDAwMDAwMCwidXBkYXRlIjoxODAwMDAwMDAwMDAwfX0=",
          "dependencies": [
            "azurerm_public_ip.webserver",
            "azurerm_resource_group.rg",
            "azurerm_subnet.webserver",
            "azurerm_virtual_network.vnet"
          ]
        }
      ]
    },
    {
      "mode": "managed",
      "type": "azurerm_network_interface_security_group_association",
      "name": "webserver",
      "provider": "provider[\"registry.terraform.io/hashicorp/azurerm\"]",
      "instances": [
        {
          "schema_version": 0,
          "attributes": {
            "id": "/subscriptions/2fa2f167-1a05-4c35-89a0-4a89930f327e/resourceGroups/male0120-A05-RG/providers/Microsoft.Network/networkInterfaces/male0120-A05Nic|/subscriptions/2fa2f167-1a05-4c35-89a0-4a89930f327e/resourceGroups/male0120-A05-RG/providers/Microsoft.Network/networkSecurityGroups/male0120-A05NSG",
            "network_interface_id": "/subscriptions/2fa2f167-1a05-4c35-89a0-4a89930f327e/resourceGroups/male0120-A05-RG/providers/Microsoft.Network/networkInterfaces/male0120-A05Nic",
            "network_security_group_id": "/subscriptions/2fa2f167-1a05-4c35-89a0-4a89930f327e/resourceGroups/male0120-A05-RG/providers/Microsoft.Network/networkSecurityGroups/male0120-A05NSG",
            "timeouts": null
          },
          "sensitive_attributes": [],
          "private": "eyJlMmJmYjczMC1lY2FhLTExZTYtOGY4OC0zNDM2M2JjN2M0YzAiOnsiY3JlYXRlIjoxODAwMDAwMDAwMDAwLCJkZWxldGUiOjE4MDAwMDAwMDAwMDAsInJlYWQiOjMwMDAwMDAwMDAwMCwidXBkYXRlIjoxODAwMDAwMDAwMDAwfX0=",
          "dependencies": [
            "azurerm_network_interface.webserver",
            "azurerm_network_security_group.webserver",
            "azurerm_public_ip.webserver",
            "azurerm_resource_group.rg",
            "azurerm_subnet.webserver",
            "azurerm_virtual_network.vnet"
          ]
        }
      ]
    },
    {
      "mode": "managed",
      "type": "azurerm_network_security_group",
      "name": "webserver",
      "provider": "provider[\"registry.terraform.io/hashicorp/azurerm\"]",
      "instances": [
        {
          "schema_version": 0,
          "attributes": {
            "id": "/subscriptions/2fa2f167-1a05-4c35-89a0-4a89930f327e/resourceGroups/male0120-A05-RG/providers/Microsoft.Network/networkSecurityGroups/male0120-A05NSG",
            "location": "westus",
            "name": "male0120-A05NSG",
            "resource_group_name": "male0120-A05-RG",
            "security_rule": [
              {
                "access": "Allow",
                "description": "",
                "destination_address_prefix": "*",
                "destination_address_prefixes": [],
                "destination_application_security_group_ids": [],
                "destination_port_range": "22",
                "destination_port_ranges": [],
                "direction": "Inbound",
                "name": "SSH",
                "priority": 100,
                "protocol": "Tcp",
                "source_address_prefix": "*",
                "source_address_prefixes": [],
                "source_application_security_group_ids": [],
                "source_port_range": "*",
                "source_port_ranges": []
              },
              {
                "access": "Allow",
                "description": "",
                "destination_address_prefix": "*",
                "destination_address_prefixes": [],
                "destination_application_security_group_ids": [],
                "destination_port_range": "80",
                "destination_port_ranges": [],
                "direction": "Inbound",
                "name": "HTTP",
                "priority": 101,
                "protocol": "Tcp",
                "source_address_prefix": "*",
                "source_address_prefixes": [],
                "source_application_security_group_ids": [],
                "source_port_range": "*",
                "source_port_ranges": []
              }
            ],
            "tags": {},
            "timeouts": null
          },
          "sensitive_attributes": [],
          "private": "eyJlMmJmYjczMC1lY2FhLTExZTYtOGY4OC0zNDM2M2JjN2M0YzAiOnsiY3JlYXRlIjoxODAwMDAwMDAwMDAwLCJkZWxldGUiOjE4MDAwMDAwMDAwMDAsInJlYWQiOjMwMDAwMDAwMDAwMCwidXBkYXRlIjoxODAwMDAwMDAwMDAwfX0=",
          "dependencies": [
            "azurerm_resource_group.rg"
          ]
        }
      ]
    },
    {
      "mode": "managed",
      "type": "azurerm_public_ip",
      "name": "webserver",
      "provider": "provider[\"registry.terraform.io/hashicorp/azurerm\"]",
      "instances": [
        {
          "schema_version": 0,
          "attributes": {
            "allocation_method": "Dynamic",
            "domain_name_label": null,
            "edge_zone": "",
            "fqdn": null,
            "id": "/subscriptions/2fa2f167-1a05-4c35-89a0-4a89930f327e/resourceGroups/male0120-A05-RG/providers/Microsoft.Network/publicIPAddresses/male0120-A05PublicIP",
            "idle_timeout_in_minutes": 4,
            "ip_address": "104.42.210.94",
            "ip_tags": {},
            "ip_version": "IPv4",
            "location": "westus",
            "name": "male0120-A05PublicIP",
            "public_ip_prefix_id": null,
            "resource_group_name": "male0120-A05-RG",
            "reverse_fqdn": null,
            "sku": "Basic",
            "sku_tier": "Regional",
            "tags": {},
            "timeouts": null,
            "zones": []
          },
          "sensitive_attributes": [],
          "private": "eyJlMmJmYjczMC1lY2FhLTExZTYtOGY4OC0zNDM2M2JjN2M0YzAiOnsiY3JlYXRlIjoxODAwMDAwMDAwMDAwLCJkZWxldGUiOjE4MDAwMDAwMDAwMDAsInJlYWQiOjMwMDAwMDAwMDAwMCwidXBkYXRlIjoxODAwMDAwMDAwMDAwfX0=",
          "dependencies": [
            "azurerm_resource_group.rg"
          ]
        }
      ]
    },
    {
      "mode": "managed",
      "type": "azurerm_resource_group",
      "name": "rg",
      "provider": "provider[\"registry.terraform.io/hashicorp/azurerm\"]",
      "instances": [
        {
          "schema_version": 0,
          "attributes": {
            "id": "/subscriptions/2fa2f167-1a05-4c35-89a0-4a89930f327e/resourceGroups/male0120-A05-RG",
            "location": "westus",
            "name": "male0120-A05-RG",
            "tags": {},
            "timeouts": null
          },
          "sensitive_attributes": [],
          "private": "eyJlMmJmYjczMC1lY2FhLTExZTYtOGY4OC0zNDM2M2JjN2M0YzAiOnsiY3JlYXRlIjo1NDAwMDAwMDAwMDAwLCJkZWxldGUiOjU0MDAwMDAwMDAwMDAsInJlYWQiOjMwMDAwMDAwMDAwMCwidXBkYXRlIjo1NDAwMDAwMDAwMDAwfX0="
        }
      ]
    },
    {
      "mode": "managed",
      "type": "azurerm_subnet",
      "name": "webserver",
      "provider": "provider[\"registry.terraform.io/hashicorp/azurerm\"]",
      "instances": [
        {
          "schema_version": 0,
          "attributes": {
            "address_prefixes": [
              "10.0.1.0/24"
            ],
            "delegation": [],
            "enforce_private_link_endpoint_network_policies": false,
            "enforce_private_link_service_network_policies": false,
            "id": "/subscriptions/2fa2f167-1a05-4c35-89a0-4a89930f327e/resourceGroups/male0120-A05-RG/providers/Microsoft.Network/virtualNetworks/male0120-A05Vnet/subnets/male0120-A05Subnet",
            "name": "male0120-A05Subnet",
            "resource_group_name": "male0120-A05-RG",
            "service_endpoint_policy_ids": [],
            "service_endpoints": [],
            "timeouts": null,
            "virtual_network_name": "male0120-A05Vnet"
          },
          "sensitive_attributes": [],
          "private": "eyJlMmJmYjczMC1lY2FhLTExZTYtOGY4OC0zNDM2M2JjN2M0YzAiOnsiY3JlYXRlIjoxODAwMDAwMDAwMDAwLCJkZWxldGUiOjE4MDAwMDAwMDAwMDAsInJlYWQiOjMwMDAwMDAwMDAwMCwidXBkYXRlIjoxODAwMDAwMDAwMDAwfX0=",
          "dependencies": [
            "azurerm_resource_group.rg",
            "azurerm_virtual_network.vnet"
          ]
        }
      ]
    },
    {
      "mode": "managed",
      "type": "azurerm_virtual_network",
      "name": "vnet",
      "provider": "provider[\"registry.terraform.io/hashicorp/azurerm\"]",
      "instances": [
        {
          "schema_version": 0,
          "attributes": {
            "address_space": [
              "10.0.0.0/16"
            ],
            "bgp_community": "",
            "ddos_protection_plan": [],
            "dns_servers": [],
            "edge_zone": "",
            "flow_timeout_in_minutes": 0,
            "guid": "50025e60-9646-498b-a84e-105ca97a4fd5",
            "id": "/subscriptions/2fa2f167-1a05-4c35-89a0-4a89930f327e/resourceGroups/male0120-A05-RG/providers/Microsoft.Network/virtualNetworks/male0120-A05Vnet",
            "location": "westus",
            "name": "male0120-A05Vnet",
            "resource_group_name": "male0120-A05-RG",
            "subnet": [
              {
                "address_prefix": "10.0.1.0/24",
                "id": "/subscriptions/2fa2f167-1a05-4c35-89a0-4a89930f327e/resourceGroups/male0120-A05-RG/providers/Microsoft.Network/virtualNetworks/male0120-A05Vnet/subnets/male0120-A05Subnet",
                "name": "male0120-A05Subnet",
                "security_group": ""
              }
            ],
            "tags": {},
            "timeouts": null
          },
          "sensitive_attributes": [],
          "private": "eyJlMmJmYjczMC1lY2FhLTExZTYtOGY4OC0zNDM2M2JjN2M0YzAiOnsiY3JlYXRlIjoxODAwMDAwMDAwMDAwLCJkZWxldGUiOjE4MDAwMDAwMDAwMDAsInJlYWQiOjMwMDAwMDAwMDAwMCwidXBkYXRlIjoxODAwMDAwMDAwMDAwfX0=",
          "dependencies": [
            "azurerm_resource_group.rg"
          ]
        }
      ]
    }
  ],
  "check_results": null
}
